
Microsoft Visual Studio Solution File, Format Version 12.00
# Visual Studio 15
VisualStudioVersion = 15.0.27703.2018
MinimumVisualStudioVersion = 10.0.40219.1
Project("{FAE04EC0-301F-11D3-BF4B-00C04F79EFBC}") = "RemovingRoutedEventHandlers", "WpfApp22\RemovingRoutedEventHandlers.csproj", "{6E673086-7C8E-4906-AC66-96093E713256}"
EndProject
Global
	GlobalSection(SolutionConfigurationPlatforms) = preSolution
		Debug|Any CPU = Debug|Any CPU
		Release|Any CPU = Release|Any CPU
	EndGlobalSection
	GlobalSection(ProjectConfigurationPlatforms) = postSolution
		{6E673086-7C8E-4906-AC66-96093E713256}.Debug|Any CPU.ActiveCfg = Debug|Any CPU
		{6E673086-7C8E-4906-AC66-96093E713256}.Debug|Any CPU.Build.0 = Debug|Any CPU
		{6E673086-7C8E-4906-AC66-96093E713256}.Release|Any CPU.ActiveCfg = Release|Any CPU
		{6E673086-7C8E-4906-AC66-96093E713256}.Release|Any CPU.Build.0 = Release|Any CPU
	EndGlobalSection
	GlobalSection(SolutionProperties) = preSolution
		HideSolutionNode = FALSE
	EndGlobalSection
	GlobalSection(ExtensibilityGlobals) = postSolution
		SolutionGuid = {A2C0861B-2C48-4F65-B8E3-2C988EBDBFC3}
	EndGlobalSection
EndGlobal
